# THIS IS AN AUTOGENERATED FILE. DO NOT EDIT THIS FILE DIRECTLY.
# yarn lockfile v1


"@civ-clone/core-civilization@^0.1.0":
  version "0.1.0"
  resolved "https://registry.yarnpkg.com/@civ-clone/core-civilization/-/core-civilization-0.1.0.tgz#4d24c7350a706e88a17826a77120efee142c2763"
  integrity sha512-OtX4KLV8j9PvIJK45MNQPCoIXMEQnO25R+laVGkGSFDr8DeWlMFCFn+ceQFRzVEvAcx41hiEmcIC8vg0XvYo8g==
  dependencies:
    "@civ-clone/core-data-object" "^0.1.0"
    "@civ-clone/core-registry" "^0.1.0"
    "@civ-clone/core-yield" "^0.1.0"

"@civ-clone/core-client@^0.1.0":
  version "0.1.0"
  resolved "https://registry.yarnpkg.com/@civ-clone/core-client/-/core-client-0.1.0.tgz#b7fd31a0efd8fbfdc190dcaa909c891c7f76e13e"
  integrity sha512-lk1YvNCtcCYMdIgsUZuEcVhWRRLVN2bt2o8WAfhOOai3R661JFn9pQIcPb0Sg4e0W0PSxNQrxjnfJhh4gy2QSw==
  dependencies:
    "@civ-clone/core-player" "^0.1.0"
    "@civ-clone/core-registry" "^0.1.0"

"@civ-clone/core-data-object@^0.1.0":
  version "0.1.1"
  resolved "https://registry.yarnpkg.com/@civ-clone/core-data-object/-/core-data-object-0.1.1.tgz#d8dc8ee2d805ec2410b7f8cbf0725f9199019d42"
  integrity sha512-kkET5mHzWYLtvwf9CwnyrnYPjajshdMOE4fVOL6QWRAaE1CViefL1zdftRZJ4GDe3PQuBJeK5UgEuvubJF4HOQ==
  dependencies:
    "@civ-clone/core-registry" "^0.1.0"
    ulid "^2.3.0"

"@civ-clone/core-player@^0.1.0":
  version "0.1.1"
  resolved "https://registry.yarnpkg.com/@civ-clone/core-player/-/core-player-0.1.1.tgz#0f1060fe8d96a3c236a391d446b3a31dea85c7dd"
  integrity sha512-YwFjN3yGFZG4+A5oCCx1Z3/2EWSmP1cKazG2ZJoEf9T+7cXD2oIig3SNIAWtHfJywRz/++6OpAqJtvhLtte2lA==
  dependencies:
    "@civ-clone/core-civilization" "^0.1.0"
    "@civ-clone/core-data-object" "^0.1.0"
    "@civ-clone/core-registry" "^0.1.0"
    "@civ-clone/core-rule" "^0.1.0"

"@civ-clone/core-registry@^0.1", "@civ-clone/core-registry@^0.1.0":
  version "0.1.0"
  resolved "https://registry.yarnpkg.com/@civ-clone/core-registry/-/core-registry-0.1.0.tgz#ea5f9c964f8782c54a8e626cef6754c73fd5bb4a"
  integrity sha512-g8TqSC+kwDTgpgGBaQd/d4G5Mw75qb4C1nDu3qeVf3bEmggoM5IpyJbSrrn5+uISPJdF9OIQuZWmugLQSmk0tQ==

"@civ-clone/core-rule@^0.1.0":
  version "0.1.0"
  resolved "https://registry.yarnpkg.com/@civ-clone/core-rule/-/core-rule-0.1.0.tgz#45486bf9a7b4326b18eec5a16d706cdc7d5d427e"
  integrity sha512-K0um1LoUOjWW9DQfvR4/0fqhETNIJbM+qPeNFbeBOijtrk9bIJ+kNtv7hriZ5BEK7cdlZBcgcbu7LAVcFZc0Tg==
  dependencies:
    "@civ-clone/core-registry" "^0.1"

"@civ-clone/core-yield@^0.1.0":
  version "0.1.0"
  resolved "https://registry.yarnpkg.com/@civ-clone/core-yield/-/core-yield-0.1.0.tgz#0d9dcedeb5f18f3f09ba28fed3e2bba92285aa57"
  integrity sha512-97rwsBg9KYfMkLBkZgsSK3uCNb5VotZvDskMQMlZXJ+yoO6TUw+Lh2XKjmSHzGNk829Tg5s0c2m57ehre2/FpA==
  dependencies:
    "@civ-clone/core-data-object" "^0.1.0"
    "@civ-clone/core-registry" "^0.1.0"

"@types/node@^14.11.2":
  version "14.14.28"
  resolved "https://registry.yarnpkg.com/@types/node/-/node-14.14.28.tgz#cade4b64f8438f588951a6b35843ce536853f25b"
  integrity sha512-lg55ArB+ZiHHbBBttLpzD07akz0QPrZgUODNakeC09i62dnrywr9mFErHuaPlB6I7z+sEbK+IYmplahvplCj2g==

prettier@^2.1.2:
  version "2.2.1"
  resolved "https://registry.yarnpkg.com/prettier/-/prettier-2.2.1.tgz#795a1a78dd52f073da0cd42b21f9c91381923ff5"
  integrity sha512-PqyhM2yCjg/oKkFPtTGUojv7gnZAoG80ttl45O6x2Ug/rMJw4wcc9k6aaf2hibP7BGVCCM33gZoGjyvt9mm16Q==

typescript@^4.0.3:
  version "4.1.5"
  resolved "https://registry.yarnpkg.com/typescript/-/typescript-4.1.5.tgz#123a3b214aaff3be32926f0d8f1f6e704eb89a72"
  integrity sha512-6OSu9PTIzmn9TCDiovULTnET6BgXtDYL4Gg4szY+cGsc3JP1dQL8qvE8kShTRx1NIw4Q9IBHlwODjkjWEtMUyA==

ulid@^2.3.0:
  version "2.3.0"
  resolved "https://registry.yarnpkg.com/ulid/-/ulid-2.3.0.tgz#93063522771a9774121a84d126ecd3eb9804071f"
  integrity sha512-keqHubrlpvT6G2wH0OEfSW4mquYRcbe/J8NMmveoQOjUqmo+hXtO+ORCpWhdbZ7k72UtY61BL7haGxW6enBnjw==
